{
    "name": "project7",
    "version": "18.12.6",
    "lockfileVersion": 3,
    "requires": true,
    "packages": {
        "": {
            "name": "project7",
            "version": "18.12.6",
            "license": "SEE LICENSE IN LICENSE.md",
            "engines": {
                "node": ">=16"
            }
        }
    }
}
